
Microsoft Visual Studio Solution File, Format Version 12.00
# Visual Studio Version 17
VisualStudioVersion = 17.1.32328.378
MinimumVisualStudioVersion = 10.0.40219.1
Project("{FAE04EC0-301F-11D3-BF4B-00C04F79EFBC}") = "FormsPunktowane", "FormsPunktowane\FormsPunktowane.csproj", "{6040ED2E-6E1E-428E-ADCA-FC1DF9EF790E}"
EndProject
Global
	GlobalSection(SolutionConfigurationPlatforms) = preSolution
		Debug|Any CPU = Debug|Any CPU
		Release|Any CPU = Release|Any CPU
	EndGlobalSection
	GlobalSection(ProjectConfigurationPlatforms) = postSolution
		{6040ED2E-6E1E-428E-ADCA-FC1DF9EF790E}.Debug|Any CPU.ActiveCfg = Debug|Any CPU
		{6040ED2E-6E1E-428E-ADCA-FC1DF9EF790E}.Debug|Any CPU.Build.0 = Debug|Any CPU
		{6040ED2E-6E1E-428E-ADCA-FC1DF9EF790E}.Release|Any CPU.ActiveCfg = Release|Any CPU
		{6040ED2E-6E1E-428E-ADCA-FC1DF9EF790E}.Release|Any CPU.Build.0 = Release|Any CPU
	EndGlobalSection
	GlobalSection(SolutionProperties) = preSolution
		HideSolutionNode = FALSE
	EndGlobalSection
	GlobalSection(ExtensibilityGlobals) = postSolution
		SolutionGuid = {8F83C7C1-2A97-44DB-892E-68FD9DF985D8}
	EndGlobalSection
EndGlobal
